// !$*UTF8*$!
{
	archiveVersion = 1;
	classes = {
	};
	objectVersion = 50;
	objects = {

/* Begin PBXBuildFile section */
		4E161ECD2399BE4500C12433 /* AlertSupport.swift in Sources */ = {isa = PBXBuildFile; fileRef = 4E161ECC2399BE4500C12433 /* AlertSupport.swift */; };
		4E1B12A0234CB1B4004481BB /* ThreadTableViewCell.swift in Sources */ = {isa = PBXBuildFile; fileRef = 4E1B129E234CB1B4004481BB /* ThreadTableViewCell.swift */; };
		4E1B12A4234CB329004481BB /* RegistrationViewController.swift in Sources */ = {isa = PBXBuildFile; fileRef = 4E1B12A2234CB329004481BB /* RegistrationViewController.swift */; };
		4E23FB4A2358B252002BE355 /* PostTableViewController.swift in Sources */ = {isa = PBXBuildFile; fileRef = 4E23FB492358B252002BE355 /* PostTableViewController.swift */; };
		4E2617F023798938002AD040 /* Thread.swift in Sources */ = {isa = PBXBuildFile; fileRef = 4E2617EF23798938002AD040 /* Thread.swift */; };
		4E2617F323798D86002AD040 /* ServerNetwork.swift in Sources */ = {isa = PBXBuildFile; fileRef = 4E2617F223798D86002AD040 /* ServerNetwork.swift */; };
		4E53BEC1232EA37900D1B98D /* AppDelegate.swift in Sources */ = {isa = PBXBuildFile; fileRef = 4E53BEC0232EA37900D1B98D /* AppDelegate.swift */; };
		4E53BEC3232EA37900D1B98D /* LoginViewController.swift in Sources */ = {isa = PBXBuildFile; fileRef = 4E53BEC2232EA37900D1B98D /* LoginViewController.swift */; };
		4E53BEC8232EA37B00D1B98D /* Assets.xcassets in Resources */ = {isa = PBXBuildFile; fileRef = 4E53BEC7232EA37B00D1B98D /* Assets.xcassets */; };
		4E53BECB232EA37B00D1B98D /* LaunchScreen.storyboard in Resources */ = {isa = PBXBuildFile; fileRef = 4E53BEC9232EA37B00D1B98D /* LaunchScreen.storyboard */; };
		4E59AC522350BA620018588F /* ThreadTableViewController.swift in Sources */ = {isa = PBXBuildFile; fileRef = 4E59AC502350BA620018588F /* ThreadTableViewController.swift */; };
		4E6A882A239CF10C008AEB38 /* Post.swift in Sources */ = {isa = PBXBuildFile; fileRef = 4E6A8829239CF10C008AEB38 /* Post.swift */; };
		4E765F66234C81C500C70CA7 /* PostTableViewCell.swift in Sources */ = {isa = PBXBuildFile; fileRef = 4E765F64234C81C500C70CA7 /* PostTableViewCell.swift */; };
		4E765F67234C81C500C70CA7 /* PostTableCell.xib in Resources */ = {isa = PBXBuildFile; fileRef = 4E765F65234C81C500C70CA7 /* PostTableCell.xib */; };
		4E7A67882350800500E19972 /* Genders.swift in Sources */ = {isa = PBXBuildFile; fileRef = 4E7A67872350800500E19972 /* Genders.swift */; };
		4EC843F4234A6D3C00ACE4C8 /* ProfileViewController.swift in Sources */ = {isa = PBXBuildFile; fileRef = 4EC843F2234A6D3C00ACE4C8 /* ProfileViewController.swift */; };
		4EC843F5234A6D3C00ACE4C8 /* ProfileView.xib in Resources */ = {isa = PBXBuildFile; fileRef = 4EC843F3234A6D3C00ACE4C8 /* ProfileView.xib */; };
		4EDE94B2239D9483008CD3E2 /* Main.storyboard in Resources */ = {isa = PBXBuildFile; fileRef = 4EDE94B1239D9483008CD3E2 /* Main.storyboard */; };
		4EF7E1522397052D00E08D51 /* Extentions.swift in Sources */ = {isa = PBXBuildFile; fileRef = 4EF7E1512397052D00E08D51 /* Extentions.swift */; };
		4EF7E15623970C9400E08D51 /* User.swift in Sources */ = {isa = PBXBuildFile; fileRef = 4EF7E15523970C9400E08D51 /* User.swift */; };
/* End PBXBuildFile section */

/* Begin PBXFileReference section */
		4E161ECC2399BE4500C12433 /* AlertSupport.swift */ = {isa = PBXFileReference; lastKnownFileType = sourcecode.swift; path = AlertSupport.swift; sourceTree = "<group>"; };
		4E1B129E234CB1B4004481BB /* ThreadTableViewCell.swift */ = {isa = PBXFileReference; lastKnownFileType = sourcecode.swift; name = ThreadTableViewCell.swift; path = ForumiOSApp/Threads/Cell/ThreadTableViewCell.swift; sourceTree = SOURCE_ROOT; };
		4E1B12A2234CB329004481BB /* RegistrationViewController.swift */ = {isa = PBXFileReference; lastKnownFileType = sourcecode.swift; path = RegistrationViewController.swift; sourceTree = "<group>"; };
		4E23FB492358B252002BE355 /* PostTableViewController.swift */ = {isa = PBXFileReference; lastKnownFileType = sourcecode.swift; path = PostTableViewController.swift; sourceTree = "<group>"; };
		4E2617EF23798938002AD040 /* Thread.swift */ = {isa = PBXFileReference; lastKnownFileType = sourcecode.swift; path = Thread.swift; sourceTree = "<group>"; };
		4E2617F223798D86002AD040 /* ServerNetwork.swift */ = {isa = PBXFileReference; lastKnownFileType = sourcecode.swift; path = ServerNetwork.swift; sourceTree = "<group>"; };
		4E53BEBD232EA37900D1B98D /* ForumiOSApp.app */ = {isa = PBXFileReference; explicitFileType = wrapper.application; includeInIndex = 0; path = ForumiOSApp.app; sourceTree = BUILT_PRODUCTS_DIR; };
		4E53BEC0232EA37900D1B98D /* AppDelegate.swift */ = {isa = PBXFileReference; lastKnownFileType = sourcecode.swift; path = AppDelegate.swift; sourceTree = "<group>"; };
		4E53BEC2232EA37900D1B98D /* LoginViewController.swift */ = {isa = PBXFileReference; lastKnownFileType = sourcecode.swift; path = LoginViewController.swift; sourceTree = "<group>"; };
		4E53BEC7232EA37B00D1B98D /* Assets.xcassets */ = {isa = PBXFileReference; lastKnownFileType = folder.assetcatalog; path = Assets.xcassets; sourceTree = "<group>"; };
		4E53BECA232EA37B00D1B98D /* Base */ = {isa = PBXFileReference; lastKnownFileType = file.storyboard; name = Base; path = Base.lproj/LaunchScreen.storyboard; sourceTree = "<group>"; };
		4E53BECC232EA37B00D1B98D /* Info.plist */ = {isa = PBXFileReference; lastKnownFileType = text.plist.xml; path = Info.plist; sourceTree = "<group>"; };
		4E59AC502350BA620018588F /* ThreadTableViewController.swift */ = {isa = PBXFileReference; lastKnownFileType = sourcecode.swift; path = ThreadTableViewController.swift; sourceTree = "<group>"; };
		4E6A8829239CF10C008AEB38 /* Post.swift */ = {isa = PBXFileReference; lastKnownFileType = sourcecode.swift; path = Post.swift; sourceTree = "<group>"; };
		4E765F64234C81C500C70CA7 /* PostTableViewCell.swift */ = {isa = PBXFileReference; lastKnownFileType = sourcecode.swift; path = PostTableViewCell.swift; sourceTree = "<group>"; };
		4E765F65234C81C500C70CA7 /* PostTableCell.xib */ = {isa = PBXFileReference; lastKnownFileType = file.xib; path = PostTableCell.xib; sourceTree = "<group>"; };
		4E7A67872350800500E19972 /* Genders.swift */ = {isa = PBXFileReference; lastKnownFileType = sourcecode.swift; path = Genders.swift; sourceTree = "<group>"; };
		4EC843F2234A6D3C00ACE4C8 /* ProfileViewController.swift */ = {isa = PBXFileReference; lastKnownFileType = sourcecode.swift; path = ProfileViewController.swift; sourceTree = "<group>"; };
		4EC843F3234A6D3C00ACE4C8 /* ProfileView.xib */ = {isa = PBXFileReference; lastKnownFileType = file.xib; path = ProfileView.xib; sourceTree = "<group>"; };
		4EDE94B1239D9483008CD3E2 /* Main.storyboard */ = {isa = PBXFileReference; lastKnownFileType = file.storyboard; path = Main.storyboard; sourceTree = "<group>"; };
		4EF7E1512397052D00E08D51 /* Extentions.swift */ = {isa = PBXFileReference; lastKnownFileType = sourcecode.swift; path = Extentions.swift; sourceTree = "<group>"; };
		4EF7E15523970C9400E08D51 /* User.swift */ = {isa = PBXFileReference; lastKnownFileType = sourcecode.swift; path = User.swift; sourceTree = "<group>"; };
/* End PBXFileReference section */

/* Begin PBXFrameworksBuildPhase section */
		4E53BEBA232EA37900D1B98D /* Frameworks */ = {
			isa = PBXFrameworksBuildPhase;
			buildActionMask = 2147483647;
			files = (
			);
			runOnlyForDeploymentPostprocessing = 0;
		};
/* End PBXFrameworksBuildPhase section */

/* Begin PBXGroup section */
		4E161ECB2399BDFC00C12433 /* Support */ = {
			isa = PBXGroup;
			children = (
				4E161ECC2399BE4500C12433 /* AlertSupport.swift */,
				4EF7E1512397052D00E08D51 /* Extentions.swift */,
			);
			path = Support;
			sourceTree = "<group>";
		};
		4E20A1D023575B8600F8DC0B /* Login */ = {
			isa = PBXGroup;
			children = (
				4E53BEC2232EA37900D1B98D /* LoginViewController.swift */,
			);
			path = Login;
			sourceTree = "<group>";
		};
		4E20A1D123575B9800F8DC0B /* Registration */ = {
			isa = PBXGroup;
			children = (
				4E1B12A2234CB329004481BB /* RegistrationViewController.swift */,
			);
			path = Registration;
			sourceTree = "<group>";
		};
		4E20A1D223575BA200F8DC0B /* Threads */ = {
			isa = PBXGroup;
			children = (
				4E3F37FD2357BE0A005664FD /* Cell */,
				4E59AC502350BA620018588F /* ThreadTableViewController.swift */,
			);
			path = Threads;
			sourceTree = "<group>";
		};
		4E20A1D323575BB800F8DC0B /* Posts */ = {
			isa = PBXGroup;
			children = (
				4E23FB482358B22F002BE355 /* Cell */,
				4E23FB492358B252002BE355 /* PostTableViewController.swift */,
			);
			path = Posts;
			sourceTree = "<group>";
		};
		4E20A1D423575BC300F8DC0B /* Profile */ = {
			isa = PBXGroup;
			children = (
				4EC843F3234A6D3C00ACE4C8 /* ProfileView.xib */,
				4EC843F2234A6D3C00ACE4C8 /* ProfileViewController.swift */,
			);
			path = Profile;
			sourceTree = "<group>";
		};
		4E23FB482358B22F002BE355 /* Cell */ = {
			isa = PBXGroup;
			children = (
				4E765F65234C81C500C70CA7 /* PostTableCell.xib */,
				4E765F64234C81C500C70CA7 /* PostTableViewCell.swift */,
			);
			path = Cell;
			sourceTree = "<group>";
		};
		4E2617F123798ACB002AD040 /* Services */ = {
			isa = PBXGroup;
			children = (
				4E2617F223798D86002AD040 /* ServerNetwork.swift */,
			);
			path = Services;
			sourceTree = "<group>";
		};
		4E3F37FD2357BE0A005664FD /* Cell */ = {
			isa = PBXGroup;
			children = (
				4E1B129E234CB1B4004481BB /* ThreadTableViewCell.swift */,
			);
			path = Cell;
			sourceTree = "<group>";
		};
		4E442DA123488D970038727C /* Model */ = {
			isa = PBXGroup;
			children = (
				4E7A67872350800500E19972 /* Genders.swift */,
				4E2617EF23798938002AD040 /* Thread.swift */,
				4E6A8829239CF10C008AEB38 /* Post.swift */,
				4EF7E15523970C9400E08D51 /* User.swift */,
			);
			path = Model;
			sourceTree = "<group>";
		};
		4E53BEB4232EA37900D1B98D = {
			isa = PBXGroup;
			children = (
				4E53BEBF232EA37900D1B98D /* ForumiOSApp */,
				4E53BEBE232EA37900D1B98D /* Products */,
			);
			sourceTree = "<group>";
		};
		4E53BEBE232EA37900D1B98D /* Products */ = {
			isa = PBXGroup;
			children = (
				4E53BEBD232EA37900D1B98D /* ForumiOSApp.app */,
			);
			name = Products;
			sourceTree = "<group>";
		};
		4E53BEBF232EA37900D1B98D /* ForumiOSApp */ = {
			isa = PBXGroup;
			children = (
				4E53BEC0232EA37900D1B98D /* AppDelegate.swift */,
				4EDE94B1239D9483008CD3E2 /* Main.storyboard */,
				4E20A1D423575BC300F8DC0B /* Profile */,
				4E20A1D323575BB800F8DC0B /* Posts */,
				4E20A1D223575BA200F8DC0B /* Threads */,
				4E20A1D123575B9800F8DC0B /* Registration */,
				4E20A1D023575B8600F8DC0B /* Login */,
				4E442DA123488D970038727C /* Model */,
				4E2617F123798ACB002AD040 /* Services */,
				4E161ECB2399BDFC00C12433 /* Support */,
				4E53BEC7232EA37B00D1B98D /* Assets.xcassets */,
				4E53BEC9232EA37B00D1B98D /* LaunchScreen.storyboard */,
				4E53BECC232EA37B00D1B98D /* Info.plist */,
			);
			path = ForumiOSApp;
			sourceTree = "<group>";
		};
/* End PBXGroup section */

/* Begin PBXNativeTarget section */
		4E53BEBC232EA37900D1B98D /* ForumiOSApp */ = {
			isa = PBXNativeTarget;
			buildConfigurationList = 4E53BECF232EA37B00D1B98D /* Build configuration list for PBXNativeTarget "ForumiOSApp" */;
			buildPhases = (
				4E53BEB9232EA37900D1B98D /* Sources */,
				4E53BEBA232EA37900D1B98D /* Frameworks */,
				4E53BEBB232EA37900D1B98D /* Resources */,
			);
			buildRules = (
			);
			dependencies = (
			);
			name = ForumiOSApp;
			productName = ForumiOSApp;
			productReference = 4E53BEBD232EA37900D1B98D /* ForumiOSApp.app */;
			productType = "com.apple.product-type.application";
		};
/* End PBXNativeTarget section */

/* Begin PBXProject section */
		4E53BEB5232EA37900D1B98D /* Project object */ = {
			isa = PBXProject;
			attributes = {
				LastSwiftUpdateCheck = 1030;
				LastUpgradeCheck = 1030;
				ORGANIZATIONNAME = "Artemy Markovsky";
				TargetAttributes = {
					4E53BEBC232EA37900D1B98D = {
						CreatedOnToolsVersion = 10.3;
					};
				};
			};
			buildConfigurationList = 4E53BEB8232EA37900D1B98D /* Build configuration list for PBXProject "ForumiOSApp" */;
			compatibilityVersion = "Xcode 9.3";
			developmentRegion = en;
			hasScannedForEncodings = 0;
			knownRegions = (
				en,
				Base,
			);
			mainGroup = 4E53BEB4232EA37900D1B98D;
			productRefGroup = 4E53BEBE232EA37900D1B98D /* Products */;
			projectDirPath = "";
			projectRoot = "";
			targets = (
				4E53BEBC232EA37900D1B98D /* ForumiOSApp */,
			);
		};
/* End PBXProject section */

/* Begin PBXResourcesBuildPhase section */
		4E53BEBB232EA37900D1B98D /* Resources */ = {
			isa = PBXResourcesBuildPhase;
			buildActionMask = 2147483647;
			files = (
				4E53BECB232EA37B00D1B98D /* LaunchScreen.storyboard in Resources */,
				4E765F67234C81C500C70CA7 /* PostTableCell.xib in Resources */,
				4EDE94B2239D9483008CD3E2 /* Main.storyboard in Resources */,
				4E53BEC8232EA37B00D1B98D /* Assets.xcassets in Resources */,
				4EC843F5234A6D3C00ACE4C8 /* ProfileView.xib in Resources */,
			);
			runOnlyForDeploymentPostprocessing = 0;
		};
/* End PBXResourcesBuildPhase section */

/* Begin PBXSourcesBuildPhase section */
		4E53BEB9232EA37900D1B98D /* Sources */ = {
			isa = PBXSourcesBuildPhase;
			buildActionMask = 2147483647;
			files = (
				4EF7E15623970C9400E08D51 /* User.swift in Sources */,
				4E161ECD2399BE4500C12433 /* AlertSupport.swift in Sources */,
				4E2617F323798D86002AD040 /* ServerNetwork.swift in Sources */,
				4E765F66234C81C500C70CA7 /* PostTableViewCell.swift in Sources */,
				4E2617F023798938002AD040 /* Thread.swift in Sources */,
				4E7A67882350800500E19972 /* Genders.swift in Sources */,
				4E1B12A4234CB329004481BB /* RegistrationViewController.swift in Sources */,
				4E23FB4A2358B252002BE355 /* PostTableViewController.swift in Sources */,
				4E59AC522350BA620018588F /* ThreadTableViewController.swift in Sources */,
				4E6A882A239CF10C008AEB38 /* Post.swift in Sources */,
				4EC843F4234A6D3C00ACE4C8 /* ProfileViewController.swift in Sources */,
				4EF7E1522397052D00E08D51 /* Extentions.swift in Sources */,
				4E53BEC3232EA37900D1B98D /* LoginViewController.swift in Sources */,
				4E53BEC1232EA37900D1B98D /* AppDelegate.swift in Sources */,
				4E1B12A0234CB1B4004481BB /* ThreadTableViewCell.swift in Sources */,
			);
			runOnlyForDeploymentPostprocessing = 0;
		};
/* End PBXSourcesBuildPhase section */

/* Begin PBXVariantGroup section */
		4E53BEC9232EA37B00D1B98D /* LaunchScreen.storyboard */ = {
			isa = PBXVariantGroup;
			children = (
				4E53BECA232EA37B00D1B98D /* Base */,
			);
			name = LaunchScreen.storyboard;
			sourceTree = "<group>";
		};
/* End PBXVariantGroup section */

/* Begin XCBuildConfiguration section */
		4E53BECD232EA37B00D1B98D /* Debug */ = {
			isa = XCBuildConfiguration;
			buildSettings = {
				ALWAYS_SEARCH_USER_PATHS = NO;
				CLANG_ANALYZER_NONNULL = YES;
				CLANG_ANALYZER_NUMBER_OBJECT_CONVERSION = YES_AGGRESSIVE;
				CLANG_CXX_LANGUAGE_STANDARD = "gnu++14";
				CLANG_CXX_LIBRARY = "libc++";
				CLANG_ENABLE_MODULES = YES;
				CLANG_ENABLE_OBJC_ARC = YES;
				CLANG_ENABLE_OBJC_WEAK = YES;
				CLANG_WARN_BLOCK_CAPTURE_AUTORELEASING = YES;
				CLANG_WARN_BOOL_CONVERSION = YES;
				CLANG_WARN_COMMA = YES;
				CLANG_WARN_CONSTANT_CONVERSION = YES;
				CLANG_WARN_DEPRECATED_OBJC_IMPLEMENTATIONS = YES;
				CLANG_WARN_DIRECT_OBJC_ISA_USAGE = YES_ERROR;
				CLANG_WARN_DOCUMENTATION_COMMENTS = YES;
				CLANG_WARN_EMPTY_BODY = YES;
				CLANG_WARN_ENUM_CONVERSION = YES;
				CLANG_WARN_INFINITE_RECURSION = YES;
				CLANG_WARN_INT_CONVERSION = YES;
				CLANG_WARN_NON_LITERAL_NULL_CONVERSION = YES;
				CLANG_WARN_OBJC_IMPLICIT_RETAIN_SELF = YES;
				CLANG_WARN_OBJC_LITERAL_CONVERSION = YES;
				CLANG_WARN_OBJC_ROOT_CLASS = YES_ERROR;
				CLANG_WARN_RANGE_LOOP_ANALYSIS = YES;
				CLANG_WARN_STRICT_PROTOTYPES = YES;
				CLANG_WARN_SUSPICIOUS_MOVE = YES;
				CLANG_WARN_UNGUARDED_AVAILABILITY = YES_AGGRESSIVE;
				CLANG_WARN_UNREACHABLE_CODE = YES;
				CLANG_WARN__DUPLICATE_METHOD_MATCH = YES;
				CODE_SIGN_IDENTITY = "iPhone Developer";
				COPY_PHASE_STRIP = NO;
				DEBUG_INFORMATION_FORMAT = dwarf;
				ENABLE_STRICT_OBJC_MSGSEND = YES;
				ENABLE_TESTABILITY = YES;
				GCC_C_LANGUAGE_STANDARD = gnu11;
				GCC_DYNAMIC_NO_PIC = NO;
				GCC_NO_COMMON_BLOCKS = YES;
				GCC_OPTIMIZATION_LEVEL = 0;
				GCC_PREPROCESSOR_DEFINITIONS = (
					"DEBUG=1",
					"$(inherited)",
				);
				GCC_WARN_64_TO_32_BIT_CONVERSION = YES;
				GCC_WARN_ABOUT_RETURN_TYPE = YES_ERROR;
				GCC_WARN_UNDECLARED_SELECTOR = YES;
				GCC_WARN_UNINITIALIZED_AUTOS = YES_AGGRESSIVE;
				GCC_WARN_UNUSED_FUNCTION = YES;
				GCC_WARN_UNUSED_VARIABLE = YES;
				IPHONEOS_DEPLOYMENT_TARGET = 12.4;
				MTL_ENABLE_DEBUG_INFO = INCLUDE_SOURCE;
				MTL_FAST_MATH = YES;
				ONLY_ACTIVE_ARCH = YES;
				SDKROOT = iphoneos;
				SWIFT_ACTIVE_COMPILATION_CONDITIONS = DEBUG;
				SWIFT_OPTIMIZATION_LEVEL = "-Onone";
			};
			name = Debug;
		};
		4E53BECE232EA37B00D1B98D /* Release */ = {
			isa = XCBuildConfiguration;
			buildSettings = {
				ALWAYS_SEARCH_USER_PATHS = NO;
				CLANG_ANALYZER_NONNULL = YES;
				CLANG_ANALYZER_NUMBER_OBJECT_CONVERSION = YES_AGGRESSIVE;
				CLANG_CXX_LANGUAGE_STANDARD = "gnu++14";
				CLANG_CXX_LIBRARY = "libc++";
				CLANG_ENABLE_MODULES = YES;
				CLANG_ENABLE_OBJC_ARC = YES;
				CLANG_ENABLE_OBJC_WEAK = YES;
				CLANG_WARN_BLOCK_CAPTURE_AUTORELEASING = YES;
				CLANG_WARN_BOOL_CONVERSION = YES;
				CLANG_WARN_COMMA = YES;
				CLANG_WARN_CONSTANT_CONVERSION = YES;
				CLANG_WARN_DEPRECATED_OBJC_IMPLEMENTATIONS = YES;
				CLANG_WARN_DIRECT_OBJC_ISA_USAGE = YES_ERROR;
				CLANG_WARN_DOCUMENTATION_COMMENTS = YES;
				CLANG_WARN_EMPTY_BODY = YES;
				CLANG_WARN_ENUM_CONVERSION = YES;
				CLANG_WARN_INFINITE_RECURSION = YES;
				CLANG_WARN_INT_CONVERSION = YES;
				CLANG_WARN_NON_LITERAL_NULL_CONVERSION = YES;
				CLANG_WARN_OBJC_IMPLICIT_RETAIN_SELF = YES;
				CLANG_WARN_OBJC_LITERAL_CONVERSION = YES;
				CLANG_WARN_OBJC_ROOT_CLASS = YES_ERROR;
				CLANG_WARN_RANGE_LOOP_ANALYSIS = YES;
				CLANG_WARN_STRICT_PROTOTYPES = YES;
				CLANG_WARN_SUSPICIOUS_MOVE = YES;
				CLANG_WARN_UNGUARDED_AVAILABILITY = YES_AGGRESSIVE;
				CLANG_WARN_UNREACHABLE_CODE = YES;
				CLANG_WARN__DUPLICATE_METHOD_MATCH = YES;
				CODE_SIGN_IDENTITY = "iPhone Developer";
				COPY_PHASE_STRIP = NO;
				DEBUG_INFORMATION_FORMAT = "dwarf-with-dsym";
				ENABLE_NS_ASSERTIONS = NO;
				ENABLE_STRICT_OBJC_MSGSEND = YES;
				GCC_C_LANGUAGE_STANDARD = gnu11;
				GCC_NO_COMMON_BLOCKS = YES;
				GCC_WARN_64_TO_32_BIT_CONVERSION = YES;
				GCC_WARN_ABOUT_RETURN_TYPE = YES_ERROR;
				GCC_WARN_UNDECLARED_SELECTOR = YES;
				GCC_WARN_UNINITIALIZED_AUTOS = YES_AGGRESSIVE;
				GCC_WARN_UNUSED_FUNCTION = YES;
				GCC_WARN_UNUSED_VARIABLE = YES;
				IPHONEOS_DEPLOYMENT_TARGET = 12.4;
				MTL_ENABLE_DEBUG_INFO = NO;
				MTL_FAST_MATH = YES;
				SDKROOT = iphoneos;
				SWIFT_COMPILATION_MODE = wholemodule;
				SWIFT_OPTIMIZATION_LEVEL = "-O";
				VALIDATE_PRODUCT = YES;
			};
			name = Release;
		};
		4E53BED0232EA37B00D1B98D /* Debug */ = {
			isa = XCBuildConfiguration;
			buildSettings = {
				ASSETCATALOG_COMPILER_APPICON_NAME = AppIcon;
				CODE_SIGN_STYLE = Automatic;
				DEVELOPMENT_TEAM = 726V7J6M2J;
				INFOPLIST_FILE = ForumiOSApp/Info.plist;
				IPHONEOS_DEPLOYMENT_TARGET = 12.0;
				LD_RUNPATH_SEARCH_PATHS = (
					"$(inherited)",
					"@executable_path/Frameworks",
				);
				PRODUCT_BUNDLE_IDENTIFIER = team.markovsky.ForumiOSApp;
				PRODUCT_NAME = "$(TARGET_NAME)";
				SWIFT_VERSION = 5.0;
				TARGETED_DEVICE_FAMILY = "1,2";
			};
			name = Debug;
		};
		4E53BED1232EA37B00D1B98D /* Release */ = {
			isa = XCBuildConfiguration;
			buildSettings = {
				ASSETCATALOG_COMPILER_APPICON_NAME = AppIcon;
				CODE_SIGN_STYLE = Automatic;
				DEVELOPMENT_TEAM = 726V7J6M2J;
				INFOPLIST_FILE = ForumiOSApp/Info.plist;
				IPHONEOS_DEPLOYMENT_TARGET = 12.0;
				LD_RUNPATH_SEARCH_PATHS = (
					"$(inherited)",
					"@executable_path/Frameworks",
				);
				PRODUCT_BUNDLE_IDENTIFIER = team.markovsky.ForumiOSApp;
				PRODUCT_NAME = "$(TARGET_NAME)";
				SWIFT_VERSION = 5.0;
				TARGETED_DEVICE_FAMILY = "1,2";
			};
			name = Release;
		};
/* End XCBuildConfiguration section */

/* Begin XCConfigurationList section */
		4E53BEB8232EA37900D1B98D /* Build configuration list for PBXProject "ForumiOSApp" */ = {
			isa = XCConfigurationList;
			buildConfigurations = (
				4E53BECD232EA37B00D1B98D /* Debug */,
				4E53BECE232EA37B00D1B98D /* Release */,
			);
			defaultConfigurationIsVisible = 0;
			defaultConfigurationName = Release;
		};
		4E53BECF232EA37B00D1B98D /* Build configuration list for PBXNativeTarget "ForumiOSApp" */ = {
			isa = XCConfigurationList;
			buildConfigurations = (
				4E53BED0232EA37B00D1B98D /* Debug */,
				4E53BED1232EA37B00D1B98D /* Release */,
			);
			defaultConfigurationIsVisible = 0;
			defaultConfigurationName = Release;
		};
/* End XCConfigurationList section */
	};
	rootObject = 4E53BEB5232EA37900D1B98D /* Project object */;
}
